{
  "name": "jlpt-n5",
  "lockfileVersion": 3,
  "requires": true,
  "packages": {
    "": {
      "name": "jlpt-n5",
      "devDependencies": {
        "lindera-wasm-ipadic-nodejs": "2.3.4"
      }
    },
    "node_modules/lindera-wasm-ipadic-nodejs": {
      "version": "2.3.4",
      "resolved": "https://registry.npmjs.org/lindera-wasm-ipadic-nodejs/-/lindera-wasm-ipadic-nodejs-2.3.4.tgz",
      "integrity": "sha512-9O3CWiFIivF61dFjtcNdwtNvtQGnlYtdIcZPGrdmCEANAt8KN2wVHCtWeGU9JuXT802qkCYrz2lUX5PkiSFdwg==",
      "dev": true,
      "license": "MIT"
    }
  }
}
